
Microsoft Visual Studio Solution File, Format Version 12.00
# Visual Studio Version 17
VisualStudioVersion = 17.3.32804.467
MinimumVisualStudioVersion = 10.0.40219.1
Project("{FAE04EC0-301F-11D3-BF4B-00C04F79EFBC}") = "WebMessenger", "WebMessenger\WebMessenger.csproj", "{0277BE6C-3BEA-44B7-9F4F-F84130FFDFEC}"
EndProject
Global
	GlobalSection(SolutionConfigurationPlatforms) = preSolution
		Debug|Any CPU = Debug|Any CPU
		Release|Any CPU = Release|Any CPU
	EndGlobalSection
	GlobalSection(ProjectConfigurationPlatforms) = postSolution
		{0277BE6C-3BEA-44B7-9F4F-F84130FFDFEC}.Debug|Any CPU.ActiveCfg = Debug|Any CPU
		{0277BE6C-3BEA-44B7-9F4F-F84130FFDFEC}.Debug|Any CPU.Build.0 = Debug|Any CPU
		{0277BE6C-3BEA-44B7-9F4F-F84130FFDFEC}.Release|Any CPU.ActiveCfg = Release|Any CPU
		{0277BE6C-3BEA-44B7-9F4F-F84130FFDFEC}.Release|Any CPU.Build.0 = Release|Any CPU
	EndGlobalSection
	GlobalSection(SolutionProperties) = preSolution
		HideSolutionNode = FALSE
	EndGlobalSection
	GlobalSection(ExtensibilityGlobals) = postSolution
		SolutionGuid = {829738C7-60F4-4443-A16D-4900D0ACBC2F}
	EndGlobalSection
EndGlobal
